{
    "name": "project1",
    "version": "26.9.0",
    "lockfileVersion": 3,
    "requires": true,
    "packages": {
        "": {
            "name": "project1",
            "version": "26.9.0",
            "license": "SEE LICENSE IN LICENSE.md",
            "engines": {
                "node": ">=22"
            }
        }
    }
}
